
Microsoft Visual Studio Solution File, Format Version 12.00
# Visual Studio Version 17
VisualStudioVersion = 17.6.33526.44
MinimumVisualStudioVersion = 10.0.40219.1
Project("{FAE04EC0-301F-11D3-BF4B-00C04F79EFBC}") = "WebAppMvc_Anc70_NoAuth_1", "WebAppMvc_Anc70_NoAuth_1\WebAppMvc_Anc70_NoAuth_1.csproj", "{8D49CDB5-05D2-4990-9B05-CEFAF745ED01}"
EndProject
Global
	GlobalSection(SolutionConfigurationPlatforms) = preSolution
		Debug|Any CPU = Debug|Any CPU
		Release|Any CPU = Release|Any CPU
	EndGlobalSection
	GlobalSection(ProjectConfigurationPlatforms) = postSolution
		{8D49CDB5-05D2-4990-9B05-CEFAF745ED01}.Debug|Any CPU.ActiveCfg = Debug|Any CPU
		{8D49CDB5-05D2-4990-9B05-CEFAF745ED01}.Debug|Any CPU.Build.0 = Debug|Any CPU
		{8D49CDB5-05D2-4990-9B05-CEFAF745ED01}.Release|Any CPU.ActiveCfg = Release|Any CPU
		{8D49CDB5-05D2-4990-9B05-CEFAF745ED01}.Release|Any CPU.Build.0 = Release|Any CPU
	EndGlobalSection
	GlobalSection(SolutionProperties) = preSolution
		HideSolutionNode = FALSE
	EndGlobalSection
	GlobalSection(ExtensibilityGlobals) = postSolution
		SolutionGuid = {E1690DD6-D036-4FEE-9DBB-5C0B7902F867}
	EndGlobalSection
EndGlobal
